
Microsoft Visual Studio Solution File, Format Version 12.00
# Visual Studio Version 17
VisualStudioVersion = 17.10.35013.160
MinimumVisualStudioVersion = 10.0.40219.1
Project("{FAE04EC0-301F-11D3-BF4B-00C04F79EFBC}") = "Win-Notifications", "Win-Notifications.csproj", "{377D5C8E-2ED6-4762-B007-F7F48DFD63AA}"
EndProject
Global
	GlobalSection(SolutionConfigurationPlatforms) = preSolution
		Debug|Any CPU = Debug|Any CPU
		Release|Any CPU = Release|Any CPU
	EndGlobalSection
	GlobalSection(ProjectConfigurationPlatforms) = postSolution
		{377D5C8E-2ED6-4762-B007-F7F48DFD63AA}.Debug|Any CPU.ActiveCfg = Debug|Any CPU
		{377D5C8E-2ED6-4762-B007-F7F48DFD63AA}.Debug|Any CPU.Build.0 = Debug|Any CPU
		{377D5C8E-2ED6-4762-B007-F7F48DFD63AA}.Release|Any CPU.ActiveCfg = Release|Any CPU
		{377D5C8E-2ED6-4762-B007-F7F48DFD63AA}.Release|Any CPU.Build.0 = Release|Any CPU
	EndGlobalSection
	GlobalSection(SolutionProperties) = preSolution
		HideSolutionNode = FALSE
	EndGlobalSection
	GlobalSection(ExtensibilityGlobals) = postSolution
		SolutionGuid = {27383BA2-623A-4A94-8DB8-542323ED0509}
	EndGlobalSection
EndGlobal
